// !$*UTF8*$!
{
	archiveVersion = 1;
	classes = {
	};
	objectVersion = 46;
	objects = {

/* Begin PBXBuildFile section */
		D03039541A62E61C000B6E27 /* AppDelegate.swift in Sources */ = {isa = PBXBuildFile; fileRef = D03039531A62E61C000B6E27 /* AppDelegate.swift */; };
		D03039561A62E61C000B6E27 /* ViewController.swift in Sources */ = {isa = PBXBuildFile; fileRef = D03039551A62E61C000B6E27 /* ViewController.swift */; };
		D03039591A62E61C000B6E27 /* Main.storyboard in Resources */ = {isa = PBXBuildFile; fileRef = D03039571A62E61C000B6E27 /* Main.storyboard */; };
		D030395B1A62E61D000B6E27 /* Images.xcassets in Resources */ = {isa = PBXBuildFile; fileRef = D030395A1A62E61D000B6E27 /* Images.xcassets */; };
		D030395E1A62E61D000B6E27 /* LaunchScreen.xib in Resources */ = {isa = PBXBuildFile; fileRef = D030395C1A62E61D000B6E27 /* LaunchScreen.xib */; };
		D030396A1A62E61D000B6E27 /* iOweUTests.swift in Sources */ = {isa = PBXBuildFile; fileRef = D03039691A62E61D000B6E27 /* iOweUTests.swift */; };
/* End PBXBuildFile section */

/* Begin PBXContainerItemProxy section */
		D03039641A62E61D000B6E27 /* PBXContainerItemProxy */ = {
			isa = PBXContainerItemProxy;
			containerPortal = D03039461A62E61C000B6E27 /* Project object */;
			proxyType = 1;
			remoteGlobalIDString = D030394D1A62E61C000B6E27;
			remoteInfo = iOweU;
		};
/* End PBXContainerItemProxy section */

/* Begin PBXFileReference section */
		D030394E1A62E61C000B6E27 /* iOweU.app */ = {isa = PBXFileReference; explicitFileType = wrapper.application; includeInIndex = 0; path = iOweU.app; sourceTree = BUILT_PRODUCTS_DIR; };
		D03039521A62E61C000B6E27 /* Info.plist */ = {isa = PBXFileReference; lastKnownFileType = text.plist.xml; path = Info.plist; sourceTree = "<group>"; };
		D03039531A62E61C000B6E27 /* AppDelegate.swift */ = {isa = PBXFileReference; lastKnownFileType = sourcecode.swift; path = AppDelegate.swift; sourceTree = "<group>"; };
		D03039551A62E61C000B6E27 /* ViewController.swift */ = {isa = PBXFileReference; lastKnownFileType = sourcecode.swift; path = ViewController.swift; sourceTree = "<group>"; };
		D03039581A62E61C000B6E27 /* Base */ = {isa = PBXFileReference; lastKnownFileType = file.storyboard; name = Base; path = Base.lproj/Main.storyboard; sourceTree = "<group>"; };
		D030395A1A62E61D000B6E27 /* Images.xcassets */ = {isa = PBXFileReference; lastKnownFileType = folder.assetcatalog; path = Images.xcassets; sourceTree = "<group>"; };
		D030395D1A62E61D000B6E27 /* Base */ = {isa = PBXFileReference; lastKnownFileType = file.xib; name = Base; path = Base.lproj/LaunchScreen.xib; sourceTree = "<group>"; };
		D03039631A62E61D000B6E27 /* iOweUTests.xctest */ = {isa = PBXFileReference; explicitFileType = wrapper.cfbundle; includeInIndex = 0; path = iOweUTests.xctest; sourceTree = BUILT_PRODUCTS_DIR; };
		D03039681A62E61D000B6E27 /* Info.plist */ = {isa = PBXFileReference; lastKnownFileType = text.plist.xml; path = Info.plist; sourceTree = "<group>"; };
		D03039691A62E61D000B6E27 /* iOweUTests.swift */ = {isa = PBXFileReference; lastKnownFileType = sourcecode.swift; path = iOweUTests.swift; sourceTree = "<group>"; };
/* End PBXFileReference section */

/* Begin PBXFrameworksBuildPhase section */
		D030394B1A62E61C000B6E27 /* Frameworks */ = {
			isa = PBXFrameworksBuildPhase;
			buildActionMask = 2147483647;
			files = (
			);
			runOnlyForDeploymentPostprocessing = 0;
		};
		D03039601A62E61D000B6E27 /* Frameworks */ = {
			isa = PBXFrameworksBuildPhase;
			buildActionMask = 2147483647;
			files = (
			);
			runOnlyForDeploymentPostprocessing = 0;
		};
/* End PBXFrameworksBuildPhase section */

/* Begin PBXGroup section */
		D03039451A62E61C000B6E27 = {
			isa = PBXGroup;
			children = (
				D03039501A62E61C000B6E27 /* iOweU */,
				D03039661A62E61D000B6E27 /* iOweUTests */,
				D030394F1A62E61C000B6E27 /* Products */,
			);
			sourceTree = "<group>";
		};
		D030394F1A62E61C000B6E27 /* Products */ = {
			isa = PBXGroup;
			children = (
				D030394E1A62E61C000B6E27 /* iOweU.app */,
				D03039631A62E61D000B6E27 /* iOweUTests.xctest */,
			);
			name = Products;
			sourceTree = "<group>";
		};
		D03039501A62E61C000B6E27 /* iOweU */ = {
			isa = PBXGroup;
			children = (
				D03039531A62E61C000B6E27 /* AppDelegate.swift */,
				D03039551A62E61C000B6E27 /* ViewController.swift */,
				D03039571A62E61C000B6E27 /* Main.storyboard */,
				D030395A1A62E61D000B6E27 /* Images.xcassets */,
				D030395C1A62E61D000B6E27 /* LaunchScreen.xib */,
				D03039511A62E61C000B6E27 /* Supporting Files */,
			);
			path = iOweU;
			sourceTree = "<group>";
		};
		D03039511A62E61C000B6E27 /* Supporting Files */ = {
			isa = PBXGroup;
			children = (
				D03039521A62E61C000B6E27 /* Info.plist */,
			);
			name = "Supporting Files";
			sourceTree = "<group>";
		};
		D03039661A62E61D000B6E27 /* iOweUTests */ = {
			isa = PBXGroup;
			children = (
				D03039691A62E61D000B6E27 /* iOweUTests.swift */,
				D03039671A62E61D000B6E27 /* Supporting Files */,
			);
			path = iOweUTests;
			sourceTree = "<group>";
		};
		D03039671A62E61D000B6E27 /* Supporting Files */ = {
			isa = PBXGroup;
			children = (
				D03039681A62E61D000B6E27 /* Info.plist */,
			);
			name = "Supporting Files";
			sourceTree = "<group>";
		};
/* End PBXGroup section */

/* Begin PBXNativeTarget section */
		D030394D1A62E61C000B6E27 /* iOweU */ = {
			isa = PBXNativeTarget;
			buildConfigurationList = D030396D1A62E61D000B6E27 /* Build configuration list for PBXNativeTarget "iOweU" */;
			buildPhases = (
				D030394A1A62E61C000B6E27 /* Sources */,
				D030394B1A62E61C000B6E27 /* Frameworks */,
				D030394C1A62E61C000B6E27 /* Resources */,
			);
			buildRules = (
			);
			dependencies = (
			);
			name = iOweU;
			productName = iOweU;
			productReference = D030394E1A62E61C000B6E27 /* iOweU.app */;
			productType = "com.apple.product-type.application";
		};
		D03039621A62E61D000B6E27 /* iOweUTests */ = {
			isa = PBXNativeTarget;
			buildConfigurationList = D03039701A62E61D000B6E27 /* Build configuration list for PBXNativeTarget "iOweUTests" */;
			buildPhases = (
				D030395F1A62E61D000B6E27 /* Sources */,
				D03039601A62E61D000B6E27 /* Frameworks */,
				D03039611A62E61D000B6E27 /* Resources */,
			);
			buildRules = (
			);
			dependencies = (
				D03039651A62E61D000B6E27 /* PBXTargetDependency */,
			);
			name = iOweUTests;
			productName = iOweUTests;
			productReference = D03039631A62E61D000B6E27 /* iOweUTests.xctest */;
			productType = "com.apple.product-type.bundle.unit-test";
		};
/* End PBXNativeTarget section */

/* Begin PBXProject section */
		D03039461A62E61C000B6E27 /* Project object */ = {
			isa = PBXProject;
			attributes = {
				LastUpgradeCheck = 0610;
				ORGANIZATIONNAME = "Justin Tiffner";
				TargetAttributes = {
					D030394D1A62E61C000B6E27 = {
						CreatedOnToolsVersion = 6.1.1;
					};
					D03039621A62E61D000B6E27 = {
						CreatedOnToolsVersion = 6.1.1;
						TestTargetID = D030394D1A62E61C000B6E27;
					};
				};
			};
			buildConfigurationList = D03039491A62E61C000B6E27 /* Build configuration list for PBXProject "iOweU" */;
			compatibilityVersion = "Xcode 3.2";
			developmentRegion = English;
			hasScannedForEncodings = 0;
			knownRegions = (
				en,
				Base,
			);
			mainGroup = D03039451A62E61C000B6E27;
			productRefGroup = D030394F1A62E61C000B6E27 /* Products */;
			projectDirPath = "";
			projectRoot = "";
			targets = (
				D030394D1A62E61C000B6E27 /* iOweU */,
				D03039621A62E61D000B6E27 /* iOweUTests */,
			);
		};
/* End PBXProject section */

/* Begin PBXResourcesBuildPhase section */
		D030394C1A62E61C000B6E27 /* Resources */ = {
			isa = PBXResourcesBuildPhase;
			buildActionMask = 2147483647;
			files = (
				D03039591A62E61C000B6E27 /* Main.storyboard in Resources */,
				D030395E1A62E61D000B6E27 /* LaunchScreen.xib in Resources */,
				D030395B1A62E61D000B6E27 /* Images.xcassets in Resources */,
			);
			runOnlyForDeploymentPostprocessing = 0;
		};
		D03039611A62E61D000B6E27 /* Resources */ = {
			isa = PBXResourcesBuildPhase;
			buildActionMask = 2147483647;
			files = (
			);
			runOnlyForDeploymentPostprocessing = 0;
		};
/* End PBXResourcesBuildPhase section */

/* Begin PBXSourcesBuildPhase section */
		D030394A1A62E61C000B6E27 /* Sources */ = {
			isa = PBXSourcesBuildPhase;
			buildActionMask = 2147483647;
			files = (
				D03039561A62E61C000B6E27 /* ViewController.swift in Sources */,
				D03039541A62E61C000B6E27 /* AppDelegate.swift in Sources */,
			);
			runOnlyForDeploymentPostprocessing = 0;
		};
		D030395F1A62E61D000B6E27 /* Sources */ = {
			isa = PBXSourcesBuildPhase;
			buildActionMask = 2147483647;
			files = (
				D030396A1A62E61D000B6E27 /* iOweUTests.swift in Sources */,
			);
			runOnlyForDeploymentPostprocessing = 0;
		};
/* End PBXSourcesBuildPhase section */

/* Begin PBXTargetDependency section */
		D03039651A62E61D000B6E27 /* PBXTargetDependency */ = {
			isa = PBXTargetDependency;
			target = D030394D1A62E61C000B6E27 /* iOweU */;
			targetProxy = D03039641A62E61D000B6E27 /* PBXContainerItemProxy */;
		};
/* End PBXTargetDependency section */

/* Begin PBXVariantGroup section */
		D03039571A62E61C000B6E27 /* Main.storyboard */ = {
			isa = PBXVariantGroup;
			children = (
				D03039581A62E61C000B6E27 /* Base */,
			);
			name = Main.storyboard;
			sourceTree = "<group>";
		};
		D030395C1A62E61D000B6E27 /* LaunchScreen.xib */ = {
			isa = PBXVariantGroup;
			children = (
				D030395D1A62E61D000B6E27 /* Base */,
			);
			name = LaunchScreen.xib;
			sourceTree = "<group>";
		};
/* End PBXVariantGroup section */

/* Begin XCBuildConfiguration section */
		D030396B1A62E61D000B6E27 /* Debug */ = {
			isa = XCBuildConfiguration;
			buildSettings = {
				ALWAYS_SEARCH_USER_PATHS = NO;
				CLANG_CXX_LANGUAGE_STANDARD = "gnu++0x";
				CLANG_CXX_LIBRARY = "libc++";
				CLANG_ENABLE_MODULES = YES;
				CLANG_ENABLE_OBJC_ARC = YES;
				CLANG_WARN_BOOL_CONVERSION = YES;
				CLANG_WARN_CONSTANT_CONVERSION = YES;
				CLANG_WARN_DIRECT_OBJC_ISA_USAGE = YES_ERROR;
				CLANG_WARN_EMPTY_BODY = YES;
				CLANG_WARN_ENUM_CONVERSION = YES;
				CLANG_WARN_INT_CONVERSION = YES;
				CLANG_WARN_OBJC_ROOT_CLASS = YES_ERROR;
				CLANG_WARN_UNREACHABLE_CODE = YES;
				CLANG_WARN__DUPLICATE_METHOD_MATCH = YES;
				"CODE_SIGN_IDENTITY[sdk=iphoneos*]" = "iPhone Developer";
				COPY_PHASE_STRIP = NO;
				ENABLE_STRICT_OBJC_MSGSEND = YES;
				GCC_C_LANGUAGE_STANDARD = gnu99;
				GCC_DYNAMIC_NO_PIC = NO;
				GCC_OPTIMIZATION_LEVEL = 0;
				GCC_PREPROCESSOR_DEFINITIONS = (
					"DEBUG=1",
					"$(inherited)",
				);
				GCC_SYMBOLS_PRIVATE_EXTERN = NO;
				GCC_WARN_64_TO_32_BIT_CONVERSION = YES;
				GCC_WARN_ABOUT_RETURN_TYPE = YES_ERROR;
				GCC_WARN_UNDECLARED_SELECTOR = YES;
				GCC_WARN_UNINITIALIZED_AUTOS = YES_AGGRESSIVE;
				GCC_WARN_UNUSED_FUNCTION = YES;
				GCC_WARN_UNUSED_VARIABLE = YES;
				IPHONEOS_DEPLOYMENT_TARGET = 8.1;
				MTL_ENABLE_DEBUG_INFO = YES;
				ONLY_ACTIVE_ARCH = YES;
				SDKROOT = iphoneos;
				SWIFT_OPTIMIZATION_LEVEL = "-Onone";
				TARGETED_DEVICE_FAMILY = "1,2";
			};
			name = Debug;
		};
		D030396C1A62E61D000B6E27 /* Release */ = {
			isa = XCBuildConfiguration;
			buildSettings = {
				ALWAYS_SEARCH_USER_PATHS = NO;
				CLANG_CXX_LANGUAGE_STANDARD = "gnu++0x";
				CLANG_CXX_LIBRARY = "libc++";
				CLANG_ENABLE_MODULES = YES;
				CLANG_ENABLE_OBJC_ARC = YES;
				CLANG_WARN_BOOL_CONVERSION = YES;
				CLANG_WARN_CONSTANT_CONVERSION = YES;
				CLANG_WARN_DIRECT_OBJC_ISA_USAGE = YES_ERROR;
				CLANG_WARN_EMPTY_BODY = YES;
				CLANG_WARN_ENUM_CONVERSION = YES;
				CLANG_WARN_INT_CONVERSION = YES;
				CLANG_WARN_OBJC_ROOT_CLASS = YES_ERROR;
				CLANG_WARN_UNREACHABLE_CODE = YES;
				CLANG_WARN__DUPLICATE_METHOD_MATCH = YES;
				"CODE_SIGN_IDENTITY[sdk=iphoneos*]" = "iPhone Developer";
				COPY_PHASE_STRIP = YES;
				ENABLE_NS_ASSERTIONS = NO;
				ENABLE_STRICT_OBJC_MSGSEND = YES;
				GCC_C_LANGUAGE_STANDARD = gnu99;
				GCC_WARN_64_TO_32_BIT_CONVERSION = YES;
				GCC_WARN_ABOUT_RETURN_TYPE = YES_ERROR;
				GCC_WARN_UNDECLARED_SELECTOR = YES;
				GCC_WARN_UNINITIALIZED_AUTOS = YES_AGGRESSIVE;
				GCC_WARN_UNUSED_FUNCTION = YES;
				GCC_WARN_UNUSED_VARIABLE = YES;
				IPHONEOS_DEPLOYMENT_TARGET = 8.1;
				MTL_ENABLE_DEBUG_INFO = NO;
				SDKROOT = iphoneos;
				TARGETED_DEVICE_FAMILY = "1,2";
				VALIDATE_PRODUCT = YES;
			};
			name = Release;
		};
		D030396E1A62E61D000B6E27 /* Debug */ = {
			isa = XCBuildConfiguration;
			buildSettings = {
				ASSETCATALOG_COMPILER_APPICON_NAME = AppIcon;
				INFOPLIST_FILE = iOweU/Info.plist;
				LD_RUNPATH_SEARCH_PATHS = "$(inherited) @executable_path/Frameworks";
				PRODUCT_NAME = "$(TARGET_NAME)";
			};
			name = Debug;
		};
		D030396F1A62E61D000B6E27 /* Release */ = {
			isa = XCBuildConfiguration;
			buildSettings = {
				ASSETCATALOG_COMPILER_APPICON_NAME = AppIcon;
				INFOPLIST_FILE = iOweU/Info.plist;
				LD_RUNPATH_SEARCH_PATHS = "$(inherited) @executable_path/Frameworks";
				PRODUCT_NAME = "$(TARGET_NAME)";
			};
			name = Release;
		};
		D03039711A62E61D000B6E27 /* Debug */ = {
			isa = XCBuildConfiguration;
			buildSettings = {
				BUNDLE_LOADER = "$(TEST_HOST)";
				FRAMEWORK_SEARCH_PATHS = (
					"$(SDKROOT)/Developer/Library/Frameworks",
					"$(inherited)",
				);
				GCC_PREPROCESSOR_DEFINITIONS = (
					"DEBUG=1",
					"$(inherited)",
				);
				INFOPLIST_FILE = iOweUTests/Info.plist;
				LD_RUNPATH_SEARCH_PATHS = "$(inherited) @executable_path/Frameworks @loader_path/Frameworks";
				PRODUCT_NAME = "$(TARGET_NAME)";
				TEST_HOST = "$(BUILT_PRODUCTS_DIR)/iOweU.app/iOweU";
			};
			name = Debug;
		};
		D03039721A62E61D000B6E27 /* Release */ = {
			isa = XCBuildConfiguration;
			buildSettings = {
				BUNDLE_LOADER = "$(TEST_HOST)";
				FRAMEWORK_SEARCH_PATHS = (
					"$(SDKROOT)/Developer/Library/Frameworks",
					"$(inherited)",
				);
				INFOPLIST_FILE = iOweUTests/Info.plist;
				LD_RUNPATH_SEARCH_PATHS = "$(inherited) @executable_path/Frameworks @loader_path/Frameworks";
				PRODUCT_NAME = "$(TARGET_NAME)";
				TEST_HOST = "$(BUILT_PRODUCTS_DIR)/iOweU.app/iOweU";
			};
			name = Release;
		};
/* End XCBuildConfiguration section */

/* Begin XCConfigurationList section */
		D03039491A62E61C000B6E27 /* Build configuration list for PBXProject "iOweU" */ = {
			isa = XCConfigurationList;
			buildConfigurations = (
				D030396B1A62E61D000B6E27 /* Debug */,
				D030396C1A62E61D000B6E27 /* Release */,
			);
			defaultConfigurationIsVisible = 0;
			defaultConfigurationName = Release;
		};
		D030396D1A62E61D000B6E27 /* Build configuration list for PBXNativeTarget "iOweU" */ = {
			isa = XCConfigurationList;
			buildConfigurations = (
				D030396E1A62E61D000B6E27 /* Debug */,
				D030396F1A62E61D000B6E27 /* Release */,
			);
			defaultConfigurationIsVisible = 0;
		};
		D03039701A62E61D000B6E27 /* Build configuration list for PBXNativeTarget "iOweUTests" */ = {
			isa = XCConfigurationList;
			buildConfigurations = (
				D03039711A62E61D000B6E27 /* Debug */,
				D03039721A62E61D000B6E27 /* Release */,
			);
			defaultConfigurationIsVisible = 0;
		};
/* End XCConfigurationList section */
	};
	rootObject = D03039461A62E61C000B6E27 /* Project object */;
}
